
Microsoft Visual Studio Solution File, Format Version 12.00
# Visual Studio 15
VisualStudioVersion = 15.0.26228.9
MinimumVisualStudioVersion = 10.0.40219.1
Project("{FAE04EC0-301F-11D3-BF4B-00C04F79EFBC}") = "SmartMarket.UI", "SmartMarket.UI\SmartMarket.UI.csproj", "{886AD7D6-E4EE-4E6A-8089-089D49C6F145}"
EndProject
Project("{FAE04EC0-301F-11D3-BF4B-00C04F79EFBC}") = "SmartMarket.UI.Tests", "SmartMarket.UI.Tests\SmartMarket.UI.Tests.csproj", "{7889F76A-0A1F-4297-B19F-F256E100765C}"
EndProject
Project("{FAE04EC0-301F-11D3-BF4B-00C04F79EFBC}") = "SmartMarket.BLL", "SmartMarket.BLL\SmartMarket.BLL.csproj", "{F72420AC-6623-4D73-ABF4-ACC678C88906}"
EndProject
Project("{FAE04EC0-301F-11D3-BF4B-00C04F79EFBC}") = "SmartMarket.DAL", "SmartMarket.DAL\SmartMarket.DAL.csproj", "{C00E6944-A6F8-462A-B5E5-2BB20A5A4678}"
EndProject
Global
	GlobalSection(SolutionConfigurationPlatforms) = preSolution
		Debug|Any CPU = Debug|Any CPU
		Release|Any CPU = Release|Any CPU
	EndGlobalSection
	GlobalSection(ProjectConfigurationPlatforms) = postSolution
		{886AD7D6-E4EE-4E6A-8089-089D49C6F145}.Debug|Any CPU.ActiveCfg = Debug|Any CPU
		{886AD7D6-E4EE-4E6A-8089-089D49C6F145}.Debug|Any CPU.Build.0 = Debug|Any CPU
		{886AD7D6-E4EE-4E6A-8089-089D49C6F145}.Release|Any CPU.ActiveCfg = Release|Any CPU
		{886AD7D6-E4EE-4E6A-8089-089D49C6F145}.Release|Any CPU.Build.0 = Release|Any CPU
		{7889F76A-0A1F-4297-B19F-F256E100765C}.Debug|Any CPU.ActiveCfg = Debug|Any CPU
		{7889F76A-0A1F-4297-B19F-F256E100765C}.Debug|Any CPU.Build.0 = Debug|Any CPU
		{7889F76A-0A1F-4297-B19F-F256E100765C}.Release|Any CPU.ActiveCfg = Release|Any CPU
		{7889F76A-0A1F-4297-B19F-F256E100765C}.Release|Any CPU.Build.0 = Release|Any CPU
		{F72420AC-6623-4D73-ABF4-ACC678C88906}.Debug|Any CPU.ActiveCfg = Debug|Any CPU
		{F72420AC-6623-4D73-ABF4-ACC678C88906}.Debug|Any CPU.Build.0 = Debug|Any CPU
		{F72420AC-6623-4D73-ABF4-ACC678C88906}.Release|Any CPU.ActiveCfg = Release|Any CPU
		{F72420AC-6623-4D73-ABF4-ACC678C88906}.Release|Any CPU.Build.0 = Release|Any CPU
		{C00E6944-A6F8-462A-B5E5-2BB20A5A4678}.Debug|Any CPU.ActiveCfg = Debug|Any CPU
		{C00E6944-A6F8-462A-B5E5-2BB20A5A4678}.Debug|Any CPU.Build.0 = Debug|Any CPU
		{C00E6944-A6F8-462A-B5E5-2BB20A5A4678}.Release|Any CPU.ActiveCfg = Release|Any CPU
		{C00E6944-A6F8-462A-B5E5-2BB20A5A4678}.Release|Any CPU.Build.0 = Release|Any CPU
	EndGlobalSection
	GlobalSection(SolutionProperties) = preSolution
		HideSolutionNode = FALSE
	EndGlobalSection
EndGlobal
